{
  "name": "job_app_react",
  "lockfileVersion": 2,
  "requires": true,
  "packages": {
    "": {
      "dependencies": {
        "react-hook-form": "^7.51.5"
      }
    },
    "node_modules/react-hook-form": {
      "version": "7.51.5",
      "resolved": "https://registry.npmjs.org/react-hook-form/-/react-hook-form-7.51.5.tgz",
      "integrity": "sha512-J2ILT5gWx1XUIJRETiA7M19iXHlG74+6O3KApzvqB/w8S5NQR7AbU8HVZrMALdmDgWpRPYiZJl0zx8Z4L2mP6Q==",
      "engines": {
        "node": ">=12.22.0"
      },
      "funding": {
        "type": "opencollective",
        "url": "https://opencollective.com/react-hook-form"
      },
      "peerDependencies": {
        "react": "^16.8.0 || ^17 || ^18"
      }
    }
  },
  "dependencies": {
    "react-hook-form": {
      "version": "7.51.5",
      "resolved": "https://registry.npmjs.org/react-hook-form/-/react-hook-form-7.51.5.tgz",
      "integrity": "sha512-J2ILT5gWx1XUIJRETiA7M19iXHlG74+6O3KApzvqB/w8S5NQR7AbU8HVZrMALdmDgWpRPYiZJl0zx8Z4L2mP6Q=="
    }
  }
}
